
Microsoft Visual Studio Solution File, Format Version 12.00
# Visual Studio Version 17
VisualStudioVersion = 17.1.31911.260
MinimumVisualStudioVersion = 10.0.40219.1
Project("{9A19103F-16F7-4668-BE54-9A1E7A4F7556}") = "AvaSkia", "AvaSkia.csproj", "{4DF5B46D-4EB3-417D-B4EF-B6A84E78BF96}"
EndProject
Global
	GlobalSection(SolutionConfigurationPlatforms) = preSolution
		Debug|Any CPU = Debug|Any CPU
		Release|Any CPU = Release|Any CPU
	EndGlobalSection
	GlobalSection(ProjectConfigurationPlatforms) = postSolution
		{4DF5B46D-4EB3-417D-B4EF-B6A84E78BF96}.Debug|Any CPU.ActiveCfg = Debug|Any CPU
		{4DF5B46D-4EB3-417D-B4EF-B6A84E78BF96}.Debug|Any CPU.Build.0 = Debug|Any CPU
		{4DF5B46D-4EB3-417D-B4EF-B6A84E78BF96}.Release|Any CPU.ActiveCfg = Release|Any CPU
		{4DF5B46D-4EB3-417D-B4EF-B6A84E78BF96}.Release|Any CPU.Build.0 = Release|Any CPU
	EndGlobalSection
	GlobalSection(SolutionProperties) = preSolution
		HideSolutionNode = FALSE
	EndGlobalSection
	GlobalSection(ExtensibilityGlobals) = postSolution
		SolutionGuid = {774D5D41-638B-412D-8A25-7898FA1F048C}
	EndGlobalSection
EndGlobal
